
Microsoft Visual Studio Solution File, Format Version 12.00
# Visual Studio Version 16
VisualStudioVersion = 16.0.31205.134
MinimumVisualStudioVersion = 10.0.40219.1
Project("{2150E333-8FDC-42A3-9474-1A3956D46DE8}") = "Tests", "Tests", "{0A760234-CCCA-493E-B62C-A0EA5AD41CB3}"
EndProject
Project("{FAE04EC0-301F-11D3-BF4B-00C04F79EFBC}") = "ACM.BLTest", "Tests\ACM.BLTest\ACM.BLTest.csproj", "{CDDC056C-B006-46DC-BFB7-888A4FF188C3}"
EndProject
Project("{FAE04EC0-301F-11D3-BF4B-00C04F79EFBC}") = "ACM.BL", "ACM.BL\ACM.BL.csproj", "{EC97CA04-E907-48B5-9866-C4A023E2846A}"
EndProject
Global
	GlobalSection(SolutionConfigurationPlatforms) = preSolution
		Debug|Any CPU = Debug|Any CPU
		Release|Any CPU = Release|Any CPU
	EndGlobalSection
	GlobalSection(ProjectConfigurationPlatforms) = postSolution
		{CDDC056C-B006-46DC-BFB7-888A4FF188C3}.Debug|Any CPU.ActiveCfg = Debug|Any CPU
		{CDDC056C-B006-46DC-BFB7-888A4FF188C3}.Debug|Any CPU.Build.0 = Debug|Any CPU
		{CDDC056C-B006-46DC-BFB7-888A4FF188C3}.Release|Any CPU.ActiveCfg = Release|Any CPU
		{CDDC056C-B006-46DC-BFB7-888A4FF188C3}.Release|Any CPU.Build.0 = Release|Any CPU
		{EC97CA04-E907-48B5-9866-C4A023E2846A}.Debug|Any CPU.ActiveCfg = Debug|Any CPU
		{EC97CA04-E907-48B5-9866-C4A023E2846A}.Debug|Any CPU.Build.0 = Debug|Any CPU
		{EC97CA04-E907-48B5-9866-C4A023E2846A}.Release|Any CPU.ActiveCfg = Release|Any CPU
		{EC97CA04-E907-48B5-9866-C4A023E2846A}.Release|Any CPU.Build.0 = Release|Any CPU
	EndGlobalSection
	GlobalSection(SolutionProperties) = preSolution
		HideSolutionNode = FALSE
	EndGlobalSection
	GlobalSection(NestedProjects) = preSolution
		{CDDC056C-B006-46DC-BFB7-888A4FF188C3} = {0A760234-CCCA-493E-B62C-A0EA5AD41CB3}
	EndGlobalSection
	GlobalSection(ExtensibilityGlobals) = postSolution
		SolutionGuid = {0002F079-EB93-45CC-87D0-96F2CCE3D5CA}
	EndGlobalSection
EndGlobal
